
Microsoft Visual Studio Solution File, Format Version 12.00
Project("{FAE04EC0-301F-11D3-BF4B-00C04F79EFBC}") = "MirrorIt", "MirrorIt\MirrorIt.csproj", "{D3A1B925-6F96-4D40-9417-F48198C23B42}"
EndProject
Global
	GlobalSection(SolutionConfigurationPlatforms) = preSolution
		Debug|Any CPU = Debug|Any CPU
		Release|Any CPU = Release|Any CPU
	EndGlobalSection
	GlobalSection(ProjectConfigurationPlatforms) = postSolution
		{D3A1B925-6F96-4D40-9417-F48198C23B42}.Debug|Any CPU.ActiveCfg = Debug|Any CPU
		{D3A1B925-6F96-4D40-9417-F48198C23B42}.Debug|Any CPU.Build.0 = Debug|Any CPU
		{D3A1B925-6F96-4D40-9417-F48198C23B42}.Release|Any CPU.ActiveCfg = Release|Any CPU
		{D3A1B925-6F96-4D40-9417-F48198C23B42}.Release|Any CPU.Build.0 = Release|Any CPU
	EndGlobalSection
EndGlobal
